{
  "pins" : [
    {
      "identity" : "gzipswift",
      "kind" : "remoteSourceControl",
      "location" : "https://github.com/1024jp/GzipSwift",
      "state" : {
        "revision" : "7a7f17761c76a932662ab77028a4329f67d645a4",
        "version" : "5.2.0"
      }
    },
    {
      "identity" : "lottie-ios",
      "kind" : "remoteSourceControl",
      "location" : "https://github.com/airbnb/lottie-ios.git",
      "state" : {
        "revision" : "b4bd0604ded9574807f41b4004b57dd1226a30a4",
        "version" : "3.5.0"
      }
    },
    {
      "identity" : "swiftuix",
      "kind" : "remoteSourceControl",
      "location" : "https://github.com/SwiftUIX/SwiftUIX",
      "state" : {
        "branch" : "master",
        "revision" : "e7e8f9b5cfbe392657f017a3adc648bcc239128b"
      }
    },
    {
      "identity" : "telegramstickersimport",
      "kind" : "remoteSourceControl",
      "location" : "https://github.com/TelegramMessenger/TelegramStickersImport",
      "state" : {
        "branch" : "master",
        "revision" : "b8951c8a02b245142142d341644d0756cf16278c"
      }
    }
  ],
  "version" : 2
}
