// !$*UTF8*$!
{
	archiveVersion = 1;
	classes = {
	};
	objectVersion = 52;
	objects = {

/* Begin PBXBuildFile section */
		582EB09A2687479000F4C2D2 /* StickerSetRow.swift in Sources */ = {isa = PBXBuildFile; fileRef = 582EB0992687479000F4C2D2 /* StickerSetRow.swift */; };
		582EB0A42687765D00F4C2D2 /* StickerSet.swift in Sources */ = {isa = PBXBuildFile; fileRef = 582EB0A32687765D00F4C2D2 /* StickerSet.swift */; };
		582EB0A62687770200F4C2D2 /* Sticker.swift in Sources */ = {isa = PBXBuildFile; fileRef = 582EB0A52687770200F4C2D2 /* Sticker.swift */; };
		582EB0A9268777CF00F4C2D2 /* Store.swift in Sources */ = {isa = PBXBuildFile; fileRef = 582EB0A8268777CF00F4C2D2 /* Store.swift */; };
		582EB0AB26878F0C00F4C2D2 /* StickerSetEditor.swift in Sources */ = {isa = PBXBuildFile; fileRef = 582EB0AA26878F0B00F4C2D2 /* StickerSetEditor.swift */; };
		58848C3B268E1EA2003A743D /* SwiftUIX in Frameworks */ = {isa = PBXBuildFile; productRef = 58848C3A268E1EA2003A743D /* SwiftUIX */; };
		589C2D662697A76D00674EDE /* InfoPlist.strings in Resources */ = {isa = PBXBuildFile; fileRef = 589C2D642697A76C00674EDE /* InfoPlist.strings */; };
		589C2D692697A76D00674EDE /* Localizable.strings in Resources */ = {isa = PBXBuildFile; fileRef = 589C2D672697A76D00674EDE /* Localizable.strings */; };
		58A090E02687AB5F005785A0 /* Style.swift in Sources */ = {isa = PBXBuildFile; fileRef = 58A090DF2687AB5F005785A0 /* Style.swift */; };
		58A090E22687CDB6005785A0 /* ImagePicker.swift in Sources */ = {isa = PBXBuildFile; fileRef = 58A090E12687CDB6005785A0 /* ImagePicker.swift */; };
		58A090E426889625005785A0 /* Import.swift in Sources */ = {isa = PBXBuildFile; fileRef = 58A090E326889625005785A0 /* Import.swift */; };
		58A1E94D268A1224001A93FE /* StickerEditor.swift in Sources */ = {isa = PBXBuildFile; fileRef = 58A1E94C268A1224001A93FE /* StickerEditor.swift */; };
		58BB966526876CB200B62A74 /* StickersApp.swift in Sources */ = {isa = PBXBuildFile; fileRef = 58BB966426876CB200B62A74 /* StickersApp.swift */; };
		58BB966726876CB200B62A74 /* StickerSetList.swift in Sources */ = {isa = PBXBuildFile; fileRef = 58BB966626876CB200B62A74 /* StickerSetList.swift */; };
		58BB966926876CB300B62A74 /* Assets.xcassets in Resources */ = {isa = PBXBuildFile; fileRef = 58BB966826876CB300B62A74 /* Assets.xcassets */; };
		58BB966C26876CB300B62A74 /* Preview Assets.xcassets in Resources */ = {isa = PBXBuildFile; fileRef = 58BB966B26876CB300B62A74 /* Preview Assets.xcassets */; };
		58BBF097268F960000C8A3A0 /* Impact.ttf in Resources */ = {isa = PBXBuildFile; fileRef = 58BBF096268F960000C8A3A0 /* Impact.ttf */; };
		58BBF099268F970900C8A3A0 /* Comic Sans MS Bold.ttf in Resources */ = {isa = PBXBuildFile; fileRef = 58BBF098268F970900C8A3A0 /* Comic Sans MS Bold.ttf */; };
		58BBF09B26906ABA00C8A3A0 /* BackgroundCache.swift in Sources */ = {isa = PBXBuildFile; fileRef = 58BBF09A26906ABA00C8A3A0 /* BackgroundCache.swift */; };
		58BBF09D269075BF00C8A3A0 /* BackgroundConfig.swift in Sources */ = {isa = PBXBuildFile; fileRef = 58BBF09C269075BF00C8A3A0 /* BackgroundConfig.swift */; };
		58BBF0A12690766A00C8A3A0 /* ForegroundConfig.swift in Sources */ = {isa = PBXBuildFile; fileRef = 58BBF0A02690766A00C8A3A0 /* ForegroundConfig.swift */; };
		58BBF0A32690773900C8A3A0 /* ForegroundCache.swift in Sources */ = {isa = PBXBuildFile; fileRef = 58BBF0A22690773900C8A3A0 /* ForegroundCache.swift */; };
		58BBF0A62690EADA00C8A3A0 /* StickerView.swift in Sources */ = {isa = PBXBuildFile; fileRef = 58BBF0A52690EAD900C8A3A0 /* StickerView.swift */; };
		58BBF0A92690EFB000C8A3A0 /* Lottie in Frameworks */ = {isa = PBXBuildFile; productRef = 58BBF0A82690EFB000C8A3A0 /* Lottie */; };
		58BBF0AC2690F1FE00C8A3A0 /* LottieViewUI.swift in Sources */ = {isa = PBXBuildFile; fileRef = 58BBF0AB2690F1FE00C8A3A0 /* LottieViewUI.swift */; };
		58BBF0AF2690F3A400C8A3A0 /* Gzip in Frameworks */ = {isa = PBXBuildFile; productRef = 58BBF0AE2690F3A400C8A3A0 /* Gzip */; };
		58BBF0B42691105900C8A3A0 /* TelegramStickersImport in Frameworks */ = {isa = PBXBuildFile; productRef = 58BBF0B32691105900C8A3A0 /* TelegramStickersImport */; };
		58BBF0B62691C0D800C8A3A0 /* StickerViewLarge.swift in Sources */ = {isa = PBXBuildFile; fileRef = 58BBF0B52691C0D800C8A3A0 /* StickerViewLarge.swift */; };
		58D8A012268A29D000935A31 /* DeepLabV3.mlmodel in Sources */ = {isa = PBXBuildFile; fileRef = 58D8A011268A29D000935A31 /* DeepLabV3.mlmodel */; };
		58D8A014268A2E2400935A31 /* BackgroundEffect.swift in Sources */ = {isa = PBXBuildFile; fileRef = 58D8A013268A2E2400935A31 /* BackgroundEffect.swift */; };
		58D8A018268A317F00935A31 /* MLMultiArray+Image.swift in Sources */ = {isa = PBXBuildFile; fileRef = 58D8A017268A317F00935A31 /* MLMultiArray+Image.swift */; };
		58D8A01A268A31A600935A31 /* UIImage+CustomExtensions.swift in Sources */ = {isa = PBXBuildFile; fileRef = 58D8A019268A31A600935A31 /* UIImage+CustomExtensions.swift */; };
		58D8A01E268A451D00935A31 /* Store+Persistence.swift in Sources */ = {isa = PBXBuildFile; fileRef = 58D8A01D268A451D00935A31 /* Store+Persistence.swift */; };
		58D8A020268A465900935A31 /* CGImage+RawBytes.swift in Sources */ = {isa = PBXBuildFile; fileRef = 58D8A01F268A465900935A31 /* CGImage+RawBytes.swift */; };
		58D8A022268A469500935A31 /* Math.swift in Sources */ = {isa = PBXBuildFile; fileRef = 58D8A021268A469500935A31 /* Math.swift */; };
		58D8A029268A602400935A31 /* OriginalImages.swift in Sources */ = {isa = PBXBuildFile; fileRef = 58D8A028268A602400935A31 /* OriginalImages.swift */; };
		58D8A02B268B3DCD00935A31 /* Checkerboard.swift in Sources */ = {isa = PBXBuildFile; fileRef = 58D8A02A268B3DCD00935A31 /* Checkerboard.swift */; };
		58D8A02D268B5CB500935A31 /* AddTextEffect.swift in Sources */ = {isa = PBXBuildFile; fileRef = 58D8A02C268B5CB500935A31 /* AddTextEffect.swift */; };
		58D8A02F268BC72600935A31 /* ResizeEffect.swift in Sources */ = {isa = PBXBuildFile; fileRef = 58D8A02E268BC72600935A31 /* ResizeEffect.swift */; };
		58D8A031268D226E00935A31 /* SmallButton.swift in Sources */ = {isa = PBXBuildFile; fileRef = 58D8A030268D226E00935A31 /* SmallButton.swift */; };
/* End PBXBuildFile section */

/* Begin PBXFileReference section */
		582EB0992687479000F4C2D2 /* StickerSetRow.swift */ = {isa = PBXFileReference; lastKnownFileType = sourcecode.swift; path = StickerSetRow.swift; sourceTree = "<group>"; };
		582EB0A32687765D00F4C2D2 /* StickerSet.swift */ = {isa = PBXFileReference; lastKnownFileType = sourcecode.swift; path = StickerSet.swift; sourceTree = "<group>"; };
		582EB0A52687770200F4C2D2 /* Sticker.swift */ = {isa = PBXFileReference; lastKnownFileType = sourcecode.swift; path = Sticker.swift; sourceTree = "<group>"; };
		582EB0A8268777CF00F4C2D2 /* Store.swift */ = {isa = PBXFileReference; lastKnownFileType = sourcecode.swift; path = Store.swift; sourceTree = "<group>"; };
		582EB0AA26878F0B00F4C2D2 /* StickerSetEditor.swift */ = {isa = PBXFileReference; lastKnownFileType = sourcecode.swift; path = StickerSetEditor.swift; sourceTree = "<group>"; };
		589C2D652697A76C00674EDE /* ru */ = {isa = PBXFileReference; lastKnownFileType = text.plist.strings; name = ru; path = ru.lproj/InfoPlist.strings; sourceTree = "<group>"; };
		589C2D682697A76D00674EDE /* ru */ = {isa = PBXFileReference; lastKnownFileType = text.plist.strings; name = ru; path = ru.lproj/Localizable.strings; sourceTree = "<group>"; };
		589C2D6A2697B11300674EDE /* en */ = {isa = PBXFileReference; lastKnownFileType = text.plist.strings; name = en; path = en.lproj/Localizable.strings; sourceTree = "<group>"; };
		589C2D6B2697B15B00674EDE /* en */ = {isa = PBXFileReference; lastKnownFileType = text.plist.strings; name = en; path = en.lproj/InfoPlist.strings; sourceTree = "<group>"; };
		58A090DF2687AB5F005785A0 /* Style.swift */ = {isa = PBXFileReference; lastKnownFileType = sourcecode.swift; path = Style.swift; sourceTree = "<group>"; };
		58A090E12687CDB6005785A0 /* ImagePicker.swift */ = {isa = PBXFileReference; lastKnownFileType = sourcecode.swift; path = ImagePicker.swift; sourceTree = "<group>"; };
		58A090E326889625005785A0 /* Import.swift */ = {isa = PBXFileReference; lastKnownFileType = sourcecode.swift; path = Import.swift; sourceTree = "<group>"; };
		58A1E94C268A1224001A93FE /* StickerEditor.swift */ = {isa = PBXFileReference; lastKnownFileType = sourcecode.swift; path = StickerEditor.swift; sourceTree = "<group>"; };
		58BB966126876CB200B62A74 /* Stickers.app */ = {isa = PBXFileReference; explicitFileType = wrapper.application; includeInIndex = 0; path = Stickers.app; sourceTree = BUILT_PRODUCTS_DIR; };
		58BB966426876CB200B62A74 /* StickersApp.swift */ = {isa = PBXFileReference; lastKnownFileType = sourcecode.swift; path = StickersApp.swift; sourceTree = "<group>"; };
		58BB966626876CB200B62A74 /* StickerSetList.swift */ = {isa = PBXFileReference; lastKnownFileType = sourcecode.swift; path = StickerSetList.swift; sourceTree = "<group>"; };
		58BB966826876CB300B62A74 /* Assets.xcassets */ = {isa = PBXFileReference; lastKnownFileType = folder.assetcatalog; path = Assets.xcassets; sourceTree = "<group>"; };
		58BB966B26876CB300B62A74 /* Preview Assets.xcassets */ = {isa = PBXFileReference; lastKnownFileType = folder.assetcatalog; path = "Preview Assets.xcassets"; sourceTree = "<group>"; };
		58BB966D26876CB300B62A74 /* Info.plist */ = {isa = PBXFileReference; lastKnownFileType = text.plist.xml; path = Info.plist; sourceTree = "<group>"; };
		58BBF096268F960000C8A3A0 /* Impact.ttf */ = {isa = PBXFileReference; lastKnownFileType = file; path = Impact.ttf; sourceTree = "<group>"; };
		58BBF098268F970900C8A3A0 /* Comic Sans MS Bold.ttf */ = {isa = PBXFileReference; lastKnownFileType = file; path = "Comic Sans MS Bold.ttf"; sourceTree = "<group>"; };
		58BBF09A26906ABA00C8A3A0 /* BackgroundCache.swift */ = {isa = PBXFileReference; lastKnownFileType = sourcecode.swift; path = BackgroundCache.swift; sourceTree = "<group>"; };
		58BBF09C269075BF00C8A3A0 /* BackgroundConfig.swift */ = {isa = PBXFileReference; lastKnownFileType = sourcecode.swift; path = BackgroundConfig.swift; sourceTree = "<group>"; };
		58BBF0A02690766A00C8A3A0 /* ForegroundConfig.swift */ = {isa = PBXFileReference; lastKnownFileType = sourcecode.swift; path = ForegroundConfig.swift; sourceTree = "<group>"; };
		58BBF0A22690773900C8A3A0 /* ForegroundCache.swift */ = {isa = PBXFileReference; lastKnownFileType = sourcecode.swift; path = ForegroundCache.swift; sourceTree = "<group>"; };
		58BBF0A52690EAD900C8A3A0 /* StickerView.swift */ = {isa = PBXFileReference; lastKnownFileType = sourcecode.swift; path = StickerView.swift; sourceTree = "<group>"; };
		58BBF0AB2690F1FE00C8A3A0 /* LottieViewUI.swift */ = {isa = PBXFileReference; lastKnownFileType = sourcecode.swift; path = LottieViewUI.swift; sourceTree = "<group>"; };
		58BBF0B52691C0D800C8A3A0 /* StickerViewLarge.swift */ = {isa = PBXFileReference; lastKnownFileType = sourcecode.swift; path = StickerViewLarge.swift; sourceTree = "<group>"; };
		58D8A011268A29D000935A31 /* DeepLabV3.mlmodel */ = {isa = PBXFileReference; lastKnownFileType = file.mlmodel; path = DeepLabV3.mlmodel; sourceTree = "<group>"; };
		58D8A013268A2E2400935A31 /* BackgroundEffect.swift */ = {isa = PBXFileReference; lastKnownFileType = sourcecode.swift; path = BackgroundEffect.swift; sourceTree = "<group>"; };
		58D8A017268A317F00935A31 /* MLMultiArray+Image.swift */ = {isa = PBXFileReference; fileEncoding = 4; lastKnownFileType = sourcecode.swift; path = "MLMultiArray+Image.swift"; sourceTree = "<group>"; };
		58D8A019268A31A600935A31 /* UIImage+CustomExtensions.swift */ = {isa = PBXFileReference; fileEncoding = 4; lastKnownFileType = sourcecode.swift; path = "UIImage+CustomExtensions.swift"; sourceTree = "<group>"; };
		58D8A01D268A451D00935A31 /* Store+Persistence.swift */ = {isa = PBXFileReference; lastKnownFileType = sourcecode.swift; path = "Store+Persistence.swift"; sourceTree = "<group>"; };
		58D8A01F268A465900935A31 /* CGImage+RawBytes.swift */ = {isa = PBXFileReference; fileEncoding = 4; lastKnownFileType = sourcecode.swift; path = "CGImage+RawBytes.swift"; sourceTree = "<group>"; };
		58D8A021268A469500935A31 /* Math.swift */ = {isa = PBXFileReference; fileEncoding = 4; lastKnownFileType = sourcecode.swift; path = Math.swift; sourceTree = "<group>"; };
		58D8A028268A602400935A31 /* OriginalImages.swift */ = {isa = PBXFileReference; lastKnownFileType = sourcecode.swift; path = OriginalImages.swift; sourceTree = "<group>"; };
		58D8A02A268B3DCD00935A31 /* Checkerboard.swift */ = {isa = PBXFileReference; lastKnownFileType = sourcecode.swift; path = Checkerboard.swift; sourceTree = "<group>"; };
		58D8A02C268B5CB500935A31 /* AddTextEffect.swift */ = {isa = PBXFileReference; lastKnownFileType = sourcecode.swift; path = AddTextEffect.swift; sourceTree = "<group>"; };
		58D8A02E268BC72600935A31 /* ResizeEffect.swift */ = {isa = PBXFileReference; lastKnownFileType = sourcecode.swift; path = ResizeEffect.swift; sourceTree = "<group>"; };
		58D8A030268D226E00935A31 /* SmallButton.swift */ = {isa = PBXFileReference; lastKnownFileType = sourcecode.swift; path = SmallButton.swift; sourceTree = "<group>"; };
/* End PBXFileReference section */

/* Begin PBXFrameworksBuildPhase section */
		58BB965E26876CB200B62A74 /* Frameworks */ = {
			isa = PBXFrameworksBuildPhase;
			buildActionMask = 2147483647;
			files = (
				58848C3B268E1EA2003A743D /* SwiftUIX in Frameworks */,
				58BBF0AF2690F3A400C8A3A0 /* Gzip in Frameworks */,
				58BBF0B42691105900C8A3A0 /* TelegramStickersImport in Frameworks */,
				58BBF0A92690EFB000C8A3A0 /* Lottie in Frameworks */,
			);
			runOnlyForDeploymentPostprocessing = 0;
		};
/* End PBXFrameworksBuildPhase section */

/* Begin PBXGroup section */
		582EB0982687472600F4C2D2 /* Support FIles */ = {
			isa = PBXGroup;
			children = (
				58BB966826876CB300B62A74 /* Assets.xcassets */,
				58BBF096268F960000C8A3A0 /* Impact.ttf */,
				58BBF098268F970900C8A3A0 /* Comic Sans MS Bold.ttf */,
				58D8A011268A29D000935A31 /* DeepLabV3.mlmodel */,
				58BB966D26876CB300B62A74 /* Info.plist */,
				589C2D672697A76D00674EDE /* Localizable.strings */,
				589C2D642697A76C00674EDE /* InfoPlist.strings */,
				58BB966A26876CB300B62A74 /* Preview Content */,
				58D8A030268D226E00935A31 /* SmallButton.swift */,
				58BB966426876CB200B62A74 /* StickersApp.swift */,
				58A090DF2687AB5F005785A0 /* Style.swift */,
				58D8A027268A4BAD00935A31 /* Vision */,
			);
			name = "Support FIles";
			sourceTree = "<group>";
		};
		582EB09B2687491000F4C2D2 /* Frameworks */ = {
			isa = PBXGroup;
			children = (
			);
			name = Frameworks;
			sourceTree = "<group>";
		};
		582EB09F2687747A00F4C2D2 /* List */ = {
			isa = PBXGroup;
			children = (
				58BB966626876CB200B62A74 /* StickerSetList.swift */,
				582EB0992687479000F4C2D2 /* StickerSetRow.swift */,
			);
			name = List;
			sourceTree = "<group>";
		};
		582EB0A0268774C000F4C2D2 /* Model types */ = {
			isa = PBXGroup;
			children = (
				582EB0A52687770200F4C2D2 /* Sticker.swift */,
				582EB0A32687765D00F4C2D2 /* StickerSet.swift */,
			);
			name = "Model types";
			sourceTree = "<group>";
		};
		582EB0A12687750400F4C2D2 /* StickerSetEditor */ = {
			isa = PBXGroup;
			children = (
				582EB0AA26878F0B00F4C2D2 /* StickerSetEditor.swift */,
				58A090E12687CDB6005785A0 /* ImagePicker.swift */,
			);
			name = StickerSetEditor;
			sourceTree = "<group>";
		};
		582EB0A22687758200F4C2D2 /* StickerEditor */ = {
			isa = PBXGroup;
			children = (
				58A1E94C268A1224001A93FE /* StickerEditor.swift */,
				58BBF0B52691C0D800C8A3A0 /* StickerViewLarge.swift */,
				58D8A02A268B3DCD00935A31 /* Checkerboard.swift */,
			);
			name = StickerEditor;
			sourceTree = "<group>";
		};
		582EB0A7268777C500F4C2D2 /* Model */ = {
			isa = PBXGroup;
			children = (
				582EB0A0268774C000F4C2D2 /* Model types */,
				58BBF0A426908E0100C8A3A0 /* Store */,
				58BBF09E2690762C00C8A3A0 /* Background */,
				58BBF09F2690764900C8A3A0 /* Foreground */,
				58A090E326889625005785A0 /* Import.swift */,
			);
			name = Model;
			sourceTree = "<group>";
		};
		58BB965826876CB200B62A74 = {
			isa = PBXGroup;
			children = (
				58BB966326876CB200B62A74 /* Stickers */,
				58BB966226876CB200B62A74 /* Products */,
				582EB09B2687491000F4C2D2 /* Frameworks */,
			);
			sourceTree = "<group>";
		};
		58BB966226876CB200B62A74 /* Products */ = {
			isa = PBXGroup;
			children = (
				58BB966126876CB200B62A74 /* Stickers.app */,
			);
			name = Products;
			sourceTree = "<group>";
		};
		58BB966326876CB200B62A74 /* Stickers */ = {
			isa = PBXGroup;
			children = (
				582EB0A7268777C500F4C2D2 /* Model */,
				58BBF0AA2690EFE700C8A3A0 /* Views */,
				582EB0982687472600F4C2D2 /* Support FIles */,
			);
			path = Stickers;
			sourceTree = "<group>";
		};
		58BB966A26876CB300B62A74 /* Preview Content */ = {
			isa = PBXGroup;
			children = (
				58BB966B26876CB300B62A74 /* Preview Assets.xcassets */,
			);
			path = "Preview Content";
			sourceTree = "<group>";
		};
		58BBF09E2690762C00C8A3A0 /* Background */ = {
			isa = PBXGroup;
			children = (
				58BBF09A26906ABA00C8A3A0 /* BackgroundCache.swift */,
				58BBF09C269075BF00C8A3A0 /* BackgroundConfig.swift */,
				58D8A013268A2E2400935A31 /* BackgroundEffect.swift */,
				58D8A02E268BC72600935A31 /* ResizeEffect.swift */,
			);
			name = Background;
			sourceTree = "<group>";
		};
		58BBF09F2690764900C8A3A0 /* Foreground */ = {
			isa = PBXGroup;
			children = (
				58D8A02C268B5CB500935A31 /* AddTextEffect.swift */,
				58BBF0A02690766A00C8A3A0 /* ForegroundConfig.swift */,
				58BBF0A22690773900C8A3A0 /* ForegroundCache.swift */,
			);
			name = Foreground;
			sourceTree = "<group>";
		};
		58BBF0A426908E0100C8A3A0 /* Store */ = {
			isa = PBXGroup;
			children = (
				58D8A028268A602400935A31 /* OriginalImages.swift */,
				582EB0A8268777CF00F4C2D2 /* Store.swift */,
				58D8A01D268A451D00935A31 /* Store+Persistence.swift */,
			);
			name = Store;
			sourceTree = "<group>";
		};
		58BBF0AA2690EFE700C8A3A0 /* Views */ = {
			isa = PBXGroup;
			children = (
				58BBF0B02690FEC000C8A3A0 /* Shared */,
				582EB09F2687747A00F4C2D2 /* List */,
				582EB0A12687750400F4C2D2 /* StickerSetEditor */,
				582EB0A22687758200F4C2D2 /* StickerEditor */,
			);
			name = Views;
			sourceTree = "<group>";
		};
		58BBF0B02690FEC000C8A3A0 /* Shared */ = {
			isa = PBXGroup;
			children = (
				58BBF0A52690EAD900C8A3A0 /* StickerView.swift */,
				58BBF0AB2690F1FE00C8A3A0 /* LottieViewUI.swift */,
			);
			name = Shared;
			sourceTree = "<group>";
		};
		58D8A027268A4BAD00935A31 /* Vision */ = {
			isa = PBXGroup;
			children = (
				58D8A021268A469500935A31 /* Math.swift */,
				58D8A019268A31A600935A31 /* UIImage+CustomExtensions.swift */,
				58D8A017268A317F00935A31 /* MLMultiArray+Image.swift */,
				58D8A01F268A465900935A31 /* CGImage+RawBytes.swift */,
			);
			path = Vision;
			sourceTree = "<group>";
		};
/* End PBXGroup section */

/* Begin PBXNativeTarget section */
		58BB966026876CB200B62A74 /* Stickers */ = {
			isa = PBXNativeTarget;
			buildConfigurationList = 58BB967026876CB300B62A74 /* Build configuration list for PBXNativeTarget "Stickers" */;
			buildPhases = (
				58BB965D26876CB200B62A74 /* Sources */,
				58BB965E26876CB200B62A74 /* Frameworks */,
				58BB965F26876CB200B62A74 /* Resources */,
			);
			buildRules = (
			);
			dependencies = (
			);
			name = Stickers;
			packageProductDependencies = (
				58848C3A268E1EA2003A743D /* SwiftUIX */,
				58BBF0A82690EFB000C8A3A0 /* Lottie */,
				58BBF0AE2690F3A400C8A3A0 /* Gzip */,
				58BBF0B32691105900C8A3A0 /* TelegramStickersImport */,
			);
			productName = Stickers;
			productReference = 58BB966126876CB200B62A74 /* Stickers.app */;
			productType = "com.apple.product-type.application";
		};
/* End PBXNativeTarget section */

/* Begin PBXProject section */
		58BB965926876CB200B62A74 /* Project object */ = {
			isa = PBXProject;
			attributes = {
				LastSwiftUpdateCheck = 1250;
				LastUpgradeCheck = 1250;
				TargetAttributes = {
					58BB966026876CB200B62A74 = {
						CreatedOnToolsVersion = 12.5;
					};
				};
			};
			buildConfigurationList = 58BB965C26876CB200B62A74 /* Build configuration list for PBXProject "Stickers" */;
			compatibilityVersion = "Xcode 9.3";
			developmentRegion = en;
			hasScannedForEncodings = 0;
			knownRegions = (
				en,
				ru,
				Base,
			);
			mainGroup = 58BB965826876CB200B62A74;
			packageReferences = (
				58848C39268E1EA2003A743D /* XCRemoteSwiftPackageReference "SwiftUIX" */,
				58BBF0A72690EFB000C8A3A0 /* XCRemoteSwiftPackageReference "lottie-ios" */,
				58BBF0AD2690F3A400C8A3A0 /* XCRemoteSwiftPackageReference "GzipSwift" */,
				58BBF0B22691105900C8A3A0 /* XCRemoteSwiftPackageReference "TelegramStickersImport" */,
			);
			productRefGroup = 58BB966226876CB200B62A74 /* Products */;
			projectDirPath = "";
			projectRoot = "";
			targets = (
				58BB966026876CB200B62A74 /* Stickers */,
			);
		};
/* End PBXProject section */

/* Begin PBXResourcesBuildPhase section */
		58BB965F26876CB200B62A74 /* Resources */ = {
			isa = PBXResourcesBuildPhase;
			buildActionMask = 2147483647;
			files = (
				58BBF097268F960000C8A3A0 /* Impact.ttf in Resources */,
				589C2D692697A76D00674EDE /* Localizable.strings in Resources */,
				58BB966C26876CB300B62A74 /* Preview Assets.xcassets in Resources */,
				58BB966926876CB300B62A74 /* Assets.xcassets in Resources */,
				58BBF099268F970900C8A3A0 /* Comic Sans MS Bold.ttf in Resources */,
				589C2D662697A76D00674EDE /* InfoPlist.strings in Resources */,
			);
			runOnlyForDeploymentPostprocessing = 0;
		};
/* End PBXResourcesBuildPhase section */

/* Begin PBXSourcesBuildPhase section */
		58BB965D26876CB200B62A74 /* Sources */ = {
			isa = PBXSourcesBuildPhase;
			buildActionMask = 2147483647;
			files = (
				582EB0A42687765D00F4C2D2 /* StickerSet.swift in Sources */,
				58D8A031268D226E00935A31 /* SmallButton.swift in Sources */,
				58BBF0A12690766A00C8A3A0 /* ForegroundConfig.swift in Sources */,
				58BB966726876CB200B62A74 /* StickerSetList.swift in Sources */,
				58BB966526876CB200B62A74 /* StickersApp.swift in Sources */,
				58D8A01E268A451D00935A31 /* Store+Persistence.swift in Sources */,
				58D8A012268A29D000935A31 /* DeepLabV3.mlmodel in Sources */,
				58BBF09D269075BF00C8A3A0 /* BackgroundConfig.swift in Sources */,
				58A1E94D268A1224001A93FE /* StickerEditor.swift in Sources */,
				58BBF0A62690EADA00C8A3A0 /* StickerView.swift in Sources */,
				58BBF09B26906ABA00C8A3A0 /* BackgroundCache.swift in Sources */,
				58A090E22687CDB6005785A0 /* ImagePicker.swift in Sources */,
				58A090E426889625005785A0 /* Import.swift in Sources */,
				582EB0A9268777CF00F4C2D2 /* Store.swift in Sources */,
				58BBF0B62691C0D800C8A3A0 /* StickerViewLarge.swift in Sources */,
				58D8A029268A602400935A31 /* OriginalImages.swift in Sources */,
				582EB09A2687479000F4C2D2 /* StickerSetRow.swift in Sources */,
				58A090E02687AB5F005785A0 /* Style.swift in Sources */,
				58D8A018268A317F00935A31 /* MLMultiArray+Image.swift in Sources */,
				582EB0A62687770200F4C2D2 /* Sticker.swift in Sources */,
				58D8A02B268B3DCD00935A31 /* Checkerboard.swift in Sources */,
				58D8A022268A469500935A31 /* Math.swift in Sources */,
				58D8A020268A465900935A31 /* CGImage+RawBytes.swift in Sources */,
				58D8A02F268BC72600935A31 /* ResizeEffect.swift in Sources */,
				58D8A014268A2E2400935A31 /* BackgroundEffect.swift in Sources */,
				58BBF0A32690773900C8A3A0 /* ForegroundCache.swift in Sources */,
				582EB0AB26878F0C00F4C2D2 /* StickerSetEditor.swift in Sources */,
				58D8A02D268B5CB500935A31 /* AddTextEffect.swift in Sources */,
				58D8A01A268A31A600935A31 /* UIImage+CustomExtensions.swift in Sources */,
				58BBF0AC2690F1FE00C8A3A0 /* LottieViewUI.swift in Sources */,
			);
			runOnlyForDeploymentPostprocessing = 0;
		};
/* End PBXSourcesBuildPhase section */

/* Begin PBXVariantGroup section */
		589C2D642697A76C00674EDE /* InfoPlist.strings */ = {
			isa = PBXVariantGroup;
			children = (
				589C2D652697A76C00674EDE /* ru */,
				589C2D6B2697B15B00674EDE /* en */,
			);
			name = InfoPlist.strings;
			sourceTree = "<group>";
		};
		589C2D672697A76D00674EDE /* Localizable.strings */ = {
			isa = PBXVariantGroup;
			children = (
				589C2D682697A76D00674EDE /* ru */,
				589C2D6A2697B11300674EDE /* en */,
			);
			name = Localizable.strings;
			sourceTree = "<group>";
		};
/* End PBXVariantGroup section */

/* Begin XCBuildConfiguration section */
		58BB966E26876CB300B62A74 /* Debug */ = {
			isa = XCBuildConfiguration;
			buildSettings = {
				ALWAYS_SEARCH_USER_PATHS = NO;
				CLANG_ANALYZER_NONNULL = YES;
				CLANG_ANALYZER_NUMBER_OBJECT_CONVERSION = YES_AGGRESSIVE;
				CLANG_CXX_LANGUAGE_STANDARD = "gnu++14";
				CLANG_CXX_LIBRARY = "libc++";
				CLANG_ENABLE_MODULES = YES;
				CLANG_ENABLE_OBJC_ARC = YES;
				CLANG_ENABLE_OBJC_WEAK = YES;
				CLANG_WARN_BLOCK_CAPTURE_AUTORELEASING = YES;
				CLANG_WARN_BOOL_CONVERSION = YES;
				CLANG_WARN_COMMA = YES;
				CLANG_WARN_CONSTANT_CONVERSION = YES;
				CLANG_WARN_DEPRECATED_OBJC_IMPLEMENTATIONS = YES;
				CLANG_WARN_DIRECT_OBJC_ISA_USAGE = YES_ERROR;
				CLANG_WARN_DOCUMENTATION_COMMENTS = YES;
				CLANG_WARN_EMPTY_BODY = YES;
				CLANG_WARN_ENUM_CONVERSION = YES;
				CLANG_WARN_INFINITE_RECURSION = YES;
				CLANG_WARN_INT_CONVERSION = YES;
				CLANG_WARN_NON_LITERAL_NULL_CONVERSION = YES;
				CLANG_WARN_OBJC_IMPLICIT_RETAIN_SELF = YES;
				CLANG_WARN_OBJC_LITERAL_CONVERSION = YES;
				CLANG_WARN_OBJC_ROOT_CLASS = YES_ERROR;
				CLANG_WARN_QUOTED_INCLUDE_IN_FRAMEWORK_HEADER = YES;
				CLANG_WARN_RANGE_LOOP_ANALYSIS = YES;
				CLANG_WARN_STRICT_PROTOTYPES = YES;
				CLANG_WARN_SUSPICIOUS_MOVE = YES;
				CLANG_WARN_UNGUARDED_AVAILABILITY = YES_AGGRESSIVE;
				CLANG_WARN_UNREACHABLE_CODE = YES;
				CLANG_WARN__DUPLICATE_METHOD_MATCH = YES;
				COPY_PHASE_STRIP = NO;
				DEBUG_INFORMATION_FORMAT = dwarf;
				ENABLE_STRICT_OBJC_MSGSEND = YES;
				ENABLE_TESTABILITY = YES;
				GCC_C_LANGUAGE_STANDARD = gnu11;
				GCC_DYNAMIC_NO_PIC = NO;
				GCC_NO_COMMON_BLOCKS = YES;
				GCC_OPTIMIZATION_LEVEL = 0;
				GCC_PREPROCESSOR_DEFINITIONS = (
					"DEBUG=1",
					"$(inherited)",
				);
				GCC_WARN_64_TO_32_BIT_CONVERSION = YES;
				GCC_WARN_ABOUT_RETURN_TYPE = YES_ERROR;
				GCC_WARN_UNDECLARED_SELECTOR = YES;
				GCC_WARN_UNINITIALIZED_AUTOS = YES_AGGRESSIVE;
				GCC_WARN_UNUSED_FUNCTION = YES;
				GCC_WARN_UNUSED_VARIABLE = YES;
				IPHONEOS_DEPLOYMENT_TARGET = 14.5;
				MTL_ENABLE_DEBUG_INFO = INCLUDE_SOURCE;
				MTL_FAST_MATH = YES;
				ONLY_ACTIVE_ARCH = YES;
				SDKROOT = iphoneos;
				SWIFT_ACTIVE_COMPILATION_CONDITIONS = DEBUG;
				SWIFT_OPTIMIZATION_LEVEL = "-Onone";
			};
			name = Debug;
		};
		58BB966F26876CB300B62A74 /* Release */ = {
			isa = XCBuildConfiguration;
			buildSettings = {
				ALWAYS_SEARCH_USER_PATHS = NO;
				CLANG_ANALYZER_NONNULL = YES;
				CLANG_ANALYZER_NUMBER_OBJECT_CONVERSION = YES_AGGRESSIVE;
				CLANG_CXX_LANGUAGE_STANDARD = "gnu++14";
				CLANG_CXX_LIBRARY = "libc++";
				CLANG_ENABLE_MODULES = YES;
				CLANG_ENABLE_OBJC_ARC = YES;
				CLANG_ENABLE_OBJC_WEAK = YES;
				CLANG_WARN_BLOCK_CAPTURE_AUTORELEASING = YES;
				CLANG_WARN_BOOL_CONVERSION = YES;
				CLANG_WARN_COMMA = YES;
				CLANG_WARN_CONSTANT_CONVERSION = YES;
				CLANG_WARN_DEPRECATED_OBJC_IMPLEMENTATIONS = YES;
				CLANG_WARN_DIRECT_OBJC_ISA_USAGE = YES_ERROR;
				CLANG_WARN_DOCUMENTATION_COMMENTS = YES;
				CLANG_WARN_EMPTY_BODY = YES;
				CLANG_WARN_ENUM_CONVERSION = YES;
				CLANG_WARN_INFINITE_RECURSION = YES;
				CLANG_WARN_INT_CONVERSION = YES;
				CLANG_WARN_NON_LITERAL_NULL_CONVERSION = YES;
				CLANG_WARN_OBJC_IMPLICIT_RETAIN_SELF = YES;
				CLANG_WARN_OBJC_LITERAL_CONVERSION = YES;
				CLANG_WARN_OBJC_ROOT_CLASS = YES_ERROR;
				CLANG_WARN_QUOTED_INCLUDE_IN_FRAMEWORK_HEADER = YES;
				CLANG_WARN_RANGE_LOOP_ANALYSIS = YES;
				CLANG_WARN_STRICT_PROTOTYPES = YES;
				CLANG_WARN_SUSPICIOUS_MOVE = YES;
				CLANG_WARN_UNGUARDED_AVAILABILITY = YES_AGGRESSIVE;
				CLANG_WARN_UNREACHABLE_CODE = YES;
				CLANG_WARN__DUPLICATE_METHOD_MATCH = YES;
				COPY_PHASE_STRIP = NO;
				DEBUG_INFORMATION_FORMAT = "dwarf-with-dsym";
				ENABLE_NS_ASSERTIONS = NO;
				ENABLE_STRICT_OBJC_MSGSEND = YES;
				GCC_C_LANGUAGE_STANDARD = gnu11;
				GCC_NO_COMMON_BLOCKS = YES;
				GCC_WARN_64_TO_32_BIT_CONVERSION = YES;
				GCC_WARN_ABOUT_RETURN_TYPE = YES_ERROR;
				GCC_WARN_UNDECLARED_SELECTOR = YES;
				GCC_WARN_UNINITIALIZED_AUTOS = YES_AGGRESSIVE;
				GCC_WARN_UNUSED_FUNCTION = YES;
				GCC_WARN_UNUSED_VARIABLE = YES;
				IPHONEOS_DEPLOYMENT_TARGET = 14.5;
				MTL_ENABLE_DEBUG_INFO = NO;
				MTL_FAST_MATH = YES;
				SDKROOT = iphoneos;
				SWIFT_COMPILATION_MODE = wholemodule;
				SWIFT_OPTIMIZATION_LEVEL = "-O";
				VALIDATE_PRODUCT = YES;
			};
			name = Release;
		};
		58BB967126876CB300B62A74 /* Debug */ = {
			isa = XCBuildConfiguration;
			buildSettings = {
				ASSETCATALOG_COMPILER_APPICON_NAME = AppIcon;
				ASSETCATALOG_COMPILER_GLOBAL_ACCENT_COLOR_NAME = AccentColor;
				CODE_SIGN_IDENTITY = "Apple Development";
				CODE_SIGN_STYLE = Automatic;
				CURRENT_PROJECT_VERSION = 8;
				DEVELOPMENT_ASSET_PATHS = "\"Stickers/Preview Content\"";
				DEVELOPMENT_TEAM = 6RX8GEVB43;
				ENABLE_PREVIEWS = YES;
				INFOPLIST_FILE = Stickers/Info.plist;
				IPHONEOS_DEPLOYMENT_TARGET = 14.5;
				LD_RUNPATH_SEARCH_PATHS = (
					"$(inherited)",
					"@executable_path/Frameworks",
				);
				MARKETING_VERSION = 1.1;
				PRODUCT_BUNDLE_IDENTIFIER = me.nikstar.Stickers;
				PRODUCT_NAME = "$(TARGET_NAME)";
				PROVISIONING_PROFILE_SPECIFIER = "";
				SWIFT_VERSION = 5.0;
				TARGETED_DEVICE_FAMILY = 1;
			};
			name = Debug;
		};
		58BB967226876CB300B62A74 /* Release */ = {
			isa = XCBuildConfiguration;
			buildSettings = {
				ASSETCATALOG_COMPILER_APPICON_NAME = AppIcon;
				ASSETCATALOG_COMPILER_GLOBAL_ACCENT_COLOR_NAME = AccentColor;
				CODE_SIGN_IDENTITY = "Apple Development";
				CODE_SIGN_STYLE = Automatic;
				CURRENT_PROJECT_VERSION = 8;
				DEVELOPMENT_ASSET_PATHS = "\"Stickers/Preview Content\"";
				DEVELOPMENT_TEAM = 6RX8GEVB43;
				ENABLE_PREVIEWS = YES;
				INFOPLIST_FILE = Stickers/Info.plist;
				IPHONEOS_DEPLOYMENT_TARGET = 14.5;
				LD_RUNPATH_SEARCH_PATHS = (
					"$(inherited)",
					"@executable_path/Frameworks",
				);
				MARKETING_VERSION = 1.1;
				PRODUCT_BUNDLE_IDENTIFIER = me.nikstar.Stickers;
				PRODUCT_NAME = "$(TARGET_NAME)";
				PROVISIONING_PROFILE_SPECIFIER = "";
				SWIFT_VERSION = 5.0;
				TARGETED_DEVICE_FAMILY = 1;
			};
			name = Release;
		};
/* End XCBuildConfiguration section */

/* Begin XCConfigurationList section */
		58BB965C26876CB200B62A74 /* Build configuration list for PBXProject "Stickers" */ = {
			isa = XCConfigurationList;
			buildConfigurations = (
				58BB966E26876CB300B62A74 /* Debug */,
				58BB966F26876CB300B62A74 /* Release */,
			);
			defaultConfigurationIsVisible = 0;
			defaultConfigurationName = Release;
		};
		58BB967026876CB300B62A74 /* Build configuration list for PBXNativeTarget "Stickers" */ = {
			isa = XCConfigurationList;
			buildConfigurations = (
				58BB967126876CB300B62A74 /* Debug */,
				58BB967226876CB300B62A74 /* Release */,
			);
			defaultConfigurationIsVisible = 0;
			defaultConfigurationName = Release;
		};
/* End XCConfigurationList section */

/* Begin XCRemoteSwiftPackageReference section */
		58848C39268E1EA2003A743D /* XCRemoteSwiftPackageReference "SwiftUIX" */ = {
			isa = XCRemoteSwiftPackageReference;
			repositoryURL = "https://github.com/SwiftUIX/SwiftUIX";
			requirement = {
				branch = master;
				kind = branch;
			};
		};
		58BBF0A72690EFB000C8A3A0 /* XCRemoteSwiftPackageReference "lottie-ios" */ = {
			isa = XCRemoteSwiftPackageReference;
			repositoryURL = "https://github.com/airbnb/lottie-ios.git";
			requirement = {
				kind = upToNextMajorVersion;
				minimumVersion = 3.2.3;
			};
		};
		58BBF0AD2690F3A400C8A3A0 /* XCRemoteSwiftPackageReference "GzipSwift" */ = {
			isa = XCRemoteSwiftPackageReference;
			repositoryURL = "https://github.com/1024jp/GzipSwift";
			requirement = {
				kind = upToNextMajorVersion;
				minimumVersion = 5.1.1;
			};
		};
		58BBF0B22691105900C8A3A0 /* XCRemoteSwiftPackageReference "TelegramStickersImport" */ = {
			isa = XCRemoteSwiftPackageReference;
			repositoryURL = "https://github.com/TelegramMessenger/TelegramStickersImport";
			requirement = {
				branch = master;
				kind = branch;
			};
		};
/* End XCRemoteSwiftPackageReference section */

/* Begin XCSwiftPackageProductDependency section */
		58848C3A268E1EA2003A743D /* SwiftUIX */ = {
			isa = XCSwiftPackageProductDependency;
			package = 58848C39268E1EA2003A743D /* XCRemoteSwiftPackageReference "SwiftUIX" */;
			productName = SwiftUIX;
		};
		58BBF0A82690EFB000C8A3A0 /* Lottie */ = {
			isa = XCSwiftPackageProductDependency;
			package = 58BBF0A72690EFB000C8A3A0 /* XCRemoteSwiftPackageReference "lottie-ios" */;
			productName = Lottie;
		};
		58BBF0AE2690F3A400C8A3A0 /* Gzip */ = {
			isa = XCSwiftPackageProductDependency;
			package = 58BBF0AD2690F3A400C8A3A0 /* XCRemoteSwiftPackageReference "GzipSwift" */;
			productName = Gzip;
		};
		58BBF0B32691105900C8A3A0 /* TelegramStickersImport */ = {
			isa = XCSwiftPackageProductDependency;
			package = 58BBF0B22691105900C8A3A0 /* XCRemoteSwiftPackageReference "TelegramStickersImport" */;
			productName = TelegramStickersImport;
		};
/* End XCSwiftPackageProductDependency section */
	};
	rootObject = 58BB965926876CB200B62A74 /* Project object */;
}
